
Microsoft Visual Studio Solution File, Format Version 12.00
# Visual Studio 15
VisualStudioVersion = 15.0.27703.2018
MinimumVisualStudioVersion = 10.0.40219.1
Project("{FAE04EC0-301F-11D3-BF4B-00C04F79EFBC}") = "Shippmentapp", "Shipperapp\Shippmentapp.csproj", "{C95DEBBB-E1C6-4112-8511-575F2FA58AC5}"
EndProject
Project("{FAE04EC0-301F-11D3-BF4B-00C04F79EFBC}") = "ShippmentApplicationLibrary", "ShippmentApplicationLibrary\ShippmentApplicationLibrary.csproj", "{87C01AA0-72D8-4BC4-9FE2-9F68DDBC889F}"
EndProject
Global
	GlobalSection(SolutionConfigurationPlatforms) = preSolution
		Debug|Any CPU = Debug|Any CPU
		Release|Any CPU = Release|Any CPU
	EndGlobalSection
	GlobalSection(ProjectConfigurationPlatforms) = postSolution
		{C95DEBBB-E1C6-4112-8511-575F2FA58AC5}.Debug|Any CPU.ActiveCfg = Debug|Any CPU
		{C95DEBBB-E1C6-4112-8511-575F2FA58AC5}.Debug|Any CPU.Build.0 = Debug|Any CPU
		{C95DEBBB-E1C6-4112-8511-575F2FA58AC5}.Release|Any CPU.ActiveCfg = Release|Any CPU
		{C95DEBBB-E1C6-4112-8511-575F2FA58AC5}.Release|Any CPU.Build.0 = Release|Any CPU
		{87C01AA0-72D8-4BC4-9FE2-9F68DDBC889F}.Debug|Any CPU.ActiveCfg = Debug|Any CPU
		{87C01AA0-72D8-4BC4-9FE2-9F68DDBC889F}.Debug|Any CPU.Build.0 = Debug|Any CPU
		{87C01AA0-72D8-4BC4-9FE2-9F68DDBC889F}.Release|Any CPU.ActiveCfg = Release|Any CPU
		{87C01AA0-72D8-4BC4-9FE2-9F68DDBC889F}.Release|Any CPU.Build.0 = Release|Any CPU
	EndGlobalSection
	GlobalSection(SolutionProperties) = preSolution
		HideSolutionNode = FALSE
	EndGlobalSection
	GlobalSection(ExtensibilityGlobals) = postSolution
		SolutionGuid = {D854A583-DDDD-4330-B84D-EDF8F1B19D13}
	EndGlobalSection
EndGlobal
